
Microsoft Visual Studio Solution File, Format Version 12.00
# Visual Studio Version 16
VisualStudioVersion = 16.0.30907.101
MinimumVisualStudioVersion = 10.0.40219.1
Project("{FAE04EC0-301F-11D3-BF4B-00C04F79EFBC}") = "WorkerService", "WorkerService\WorkerService.csproj", "{E8E57F31-2546-4F11-B796-114A187FC5EA}"
EndProject
Global
	GlobalSection(SolutionConfigurationPlatforms) = preSolution
		Debug|Any CPU = Debug|Any CPU
		Release|Any CPU = Release|Any CPU
	EndGlobalSection
	GlobalSection(ProjectConfigurationPlatforms) = postSolution
		{E8E57F31-2546-4F11-B796-114A187FC5EA}.Debug|Any CPU.ActiveCfg = Debug|Any CPU
		{E8E57F31-2546-4F11-B796-114A187FC5EA}.Debug|Any CPU.Build.0 = Debug|Any CPU
		{E8E57F31-2546-4F11-B796-114A187FC5EA}.Release|Any CPU.ActiveCfg = Release|Any CPU
		{E8E57F31-2546-4F11-B796-114A187FC5EA}.Release|Any CPU.Build.0 = Release|Any CPU
	EndGlobalSection
	GlobalSection(SolutionProperties) = preSolution
		HideSolutionNode = FALSE
	EndGlobalSection
	GlobalSection(ExtensibilityGlobals) = postSolution
		SolutionGuid = {ACBCA8DA-4CE4-4959-AA24-740EA3EBA3F3}
	EndGlobalSection
EndGlobal
